dependencies:
  atanisoft/esp_lcd_ili9488:
    component_hash: 5d2172c2f6836cc02b1656e5f03abd116c0071fbb1546e2c916f01481ca6d284
    dependencies:
    - name: idf
      require: private
      version: '>=4.4.2'
    source:
      registry_url: https://components.espressif.com/
      type: service
    version: 1.0.10
  idf:
    source:
      type: idf
    version: 5.3.1
  lvgl/lvgl:
    component_hash: d7c1ac037ae6e85d94897f807d6e7ba0946a83e720074fc95a4f6241da9f9f53
    dependencies: []
    source:
      registry_url: https://components.espressif.com/
      type: service
    version: 8.4.0
direct_dependencies:
- atanisoft/esp_lcd_ili9488
- idf
- lvgl/lvgl
manifest_hash: dd7031155f0334a700293307920faf1ed9271cdb467c3f3b3d2c76aa24a2f195
target: esp32s3
version: 2.0.0
