dependencies:
  idf:
    source:
      type: idf
    version: 5.4.0
  lvgl/lvgl:
    component_hash: 096c69af22eaf8a2b721e3913da91918c5e6bf1a762a113ec01f401aa61337a0
    dependencies: []
    source:
      registry_url: https://components.espressif.com/
      type: service
    version: 9.2.2
direct_dependencies:
- idf
- lvgl/lvgl
manifest_hash: c4c98eadee51dddc2d90b4923d389fdf7496a80cf30b88ce25b3d8c0c5d01614
target: esp32s3
version: 2.0.0
